# Generated by pub
# See https://dart.dev/tools/pub/glossary#lockfile
packages:
  cloud_firestore:
    dependency: "direct main"
    description:
      name: cloud_firestore
      sha256: "5cb7b5ba78ef40a04da231a403c94294fae729a67a06f36eeae132f80165b452"
      url: "https://pub.dev"
    source: hosted
    version: "4.15.8"
  firebase_auth:
    dependency: "direct main"
    description:
      name: firebase_auth
      sha256: "8e2fc52da642436d654bb06bb6d933e14fb6ee7d9dca58a5e840a16086f0c05a"
      url: "https://pub.dev"
    source: hosted
    version: "4.17.8"
  firebase_core:
    dependency: "direct main"
    description:
      name: firebase_core
      sha256: "4a088926c4f36c53e876bcbc13e4b370425ef511b846e4c7ba647be730a8459a"
      url: "https://pub.dev"
    source: hosted
    version: "2.27.0"
  firebase_storage:
    dependency: "direct main"
    description:
      name: firebase_storage
      sha256: "0c1285bc06ef37d25e83ee91a38fcb2e1a38a798a7cfb5059d48bbfb2e2d9b6a"
      url: "https://pub.dev"
    source: hosted
    version: "11.6.8"
  firebase_messaging:
    dependency: "direct main"
    description:
      name: firebase_messaging
      sha256: "1f381f2be83ef4a4da2612e4fbcbe1a38a798a7cfb505a49e29eeae1a2d1005b"
      url: "https://pub.dev"
    source: hosted
    version: "14.7.19"
  flutter:
    dependency: "direct sdk"
    source: sdk
    version: "0.0.0"
sdks:
  dart: ">=3.0.0 <4.0.0"
  flutter: ">=3.0.0"
